Microsoft Visual Studio Solution File, Format Version 12.00
# Visual Studio Version 17
VisualStudioVersion = 17.5.2.0
MinimumVisualStudioVersion = 10.0.40219.1
Project("{2150E333-8FDC-42A3-9474-1A3956D46DE8}") = "Csharp101", "Csharp101", "{970D2196-BE63-A11A-E955-0C5A5DF79120}"
EndProject
Project("{FAE04EC0-301F-11D3-BF4B-00C04F79EFBC}") = "Variables", "Csharp101\Variables\Variables.csproj", "{082C54C2-6EF4-9AF4-3252-DA4BA12CD287}"
EndProject
Global
	GlobalSection(SolutionConfigurationPlatforms) = preSolution
		Debug|Any CPU = Debug|Any CPU
		Release|Any CPU = Release|Any CPU
	EndGlobalSection
	GlobalSection(ProjectConfigurationPlatforms) = postSolution
		{082C54C2-6EF4-9AF4-3252-DA4BA12CD287}.Debug|Any CPU.ActiveCfg = Debug|Any CPU
		{082C54C2-6EF4-9AF4-3252-DA4BA12CD287}.Debug|Any CPU.Build.0 = Debug|Any CPU
		{082C54C2-6EF4-9AF4-3252-DA4BA12CD287}.Release|Any CPU.ActiveCfg = Release|Any CPU
		{082C54C2-6EF4-9AF4-3252-DA4BA12CD287}.Release|Any CPU.Build.0 = Release|Any CPU
	EndGlobalSection
	GlobalSection(SolutionProperties) = preSolution
		HideSolutionNode = FALSE
	EndGlobalSection
	GlobalSection(NestedProjects) = preSolution
		{082C54C2-6EF4-9AF4-3252-DA4BA12CD287} = {970D2196-BE63-A11A-E955-0C5A5DF79120}
	EndGlobalSection
	GlobalSection(ExtensibilityGlobals) = postSolution
		SolutionGuid = {F06A6A91-7763-4E0E-9CF5-AE1B3DDDCDEB}
	EndGlobalSection
EndGlobal
